
Microsoft Visual Studio Solution File, Format Version 12.00
# Visual Studio Version 17
VisualStudioVersion = 17.8.34322.80
MinimumVisualStudioVersion = 10.0.40219.1
Project("{FAE04EC0-301F-11D3-BF4B-00C04F79EFBC}") = "ProjektZespolowy", "ProjektZespolowy.csproj", "{DADCFEDA-F729-499D-A14E-0B931D3CB070}"
EndProject
Global
	GlobalSection(SolutionConfigurationPlatforms) = preSolution
		Debug|Any CPU = Debug|Any CPU
		Release|Any CPU = Release|Any CPU
	EndGlobalSection
	GlobalSection(ProjectConfigurationPlatforms) = postSolution
		{DADCFEDA-F729-499D-A14E-0B931D3CB070}.Debug|Any CPU.ActiveCfg = Debug|Any CPU
		{DADCFEDA-F729-499D-A14E-0B931D3CB070}.Debug|Any CPU.Build.0 = Debug|Any CPU
		{DADCFEDA-F729-499D-A14E-0B931D3CB070}.Release|Any CPU.ActiveCfg = Release|Any CPU
		{DADCFEDA-F729-499D-A14E-0B931D3CB070}.Release|Any CPU.Build.0 = Release|Any CPU
	EndGlobalSection
	GlobalSection(SolutionProperties) = preSolution
		HideSolutionNode = FALSE
	EndGlobalSection
EndGlobal
